
Microsoft Visual Studio Solution File, Format Version 12.00
# Visual Studio Version 17
VisualStudioVersion = 17.7.34024.191
MinimumVisualStudioVersion = 10.0.40219.1
Project("{FAE04EC0-301F-11D3-BF4B-00C04F79EFBC}") = "Asp_net_core_empty", "Asp_net_core_empty\Asp_net_core_empty.csproj", "{CE70DF49-0F00-495E-9CA9-2DBB14F2A1A4}"
EndProject
Global
	GlobalSection(SolutionConfigurationPlatforms) = preSolution
		Debug|Any CPU = Debug|Any CPU
		Release|Any CPU = Release|Any CPU
	EndGlobalSection
	GlobalSection(ProjectConfigurationPlatforms) = postSolution
		{CE70DF49-0F00-495E-9CA9-2DBB14F2A1A4}.Debug|Any CPU.ActiveCfg = Debug|Any CPU
		{CE70DF49-0F00-495E-9CA9-2DBB14F2A1A4}.Debug|Any CPU.Build.0 = Debug|Any CPU
		{CE70DF49-0F00-495E-9CA9-2DBB14F2A1A4}.Release|Any CPU.ActiveCfg = Release|Any CPU
		{CE70DF49-0F00-495E-9CA9-2DBB14F2A1A4}.Release|Any CPU.Build.0 = Release|Any CPU
	EndGlobalSection
	GlobalSection(SolutionProperties) = preSolution
		HideSolutionNode = FALSE
	EndGlobalSection
	GlobalSection(ExtensibilityGlobals) = postSolution
		SolutionGuid = {E0BCB0BF-7835-464D-A0ED-B9DDEC034E45}
	EndGlobalSection
EndGlobal
